// !$*UTF8*$!
{
	archiveVersion = 1;
	classes = {
	};
	objectVersion = 50;
	objects = {

/* Begin PBXBuildFile section */
		BD2D858825385D1F0095D74E /* Chapter04.swift in Sources */ = {isa = PBXBuildFile; fileRef = BD2D858725385D1F0095D74E /* Chapter04.swift */; };
		BD2D858C25385E4D0095D74E /* main.swift in Sources */ = {isa = PBXBuildFile; fileRef = BD2D858B25385E4D0095D74E /* main.swift */; };
		BD2D858F25385F370095D74E /* Runnable.swift in Sources */ = {isa = PBXBuildFile; fileRef = BD2D858E25385F370095D74E /* Runnable.swift */; };
		BD2D8594253860F20095D74E /* Chapter07.swift in Sources */ = {isa = PBXBuildFile; fileRef = BD2D8593253860F20095D74E /* Chapter07.swift */; };
		BD305C16253DB77300FD8AF5 /* Evaluatable.swift in Sources */ = {isa = PBXBuildFile; fileRef = BD305C15253DB77300FD8AF5 /* Evaluatable.swift */; };
/* End PBXBuildFile section */

/* Begin PBXCopyFilesBuildPhase section */
		BD2D857A25385D060095D74E /* CopyFiles */ = {
			isa = PBXCopyFilesBuildPhase;
			buildActionMask = 2147483647;
			dstPath = /usr/share/man/man1/;
			dstSubfolderSpec = 0;
			files = (
			);
			runOnlyForDeploymentPostprocessing = 1;
		};
/* End PBXCopyFilesBuildPhase section */

/* Begin PBXFileReference section */
		BD2D857C25385D060095D74E /* TypesAndProgrammingLanguages */ = {isa = PBXFileReference; explicitFileType = "compiled.mach-o.executable"; includeInIndex = 0; path = TypesAndProgrammingLanguages; sourceTree = BUILT_PRODUCTS_DIR; };
		BD2D858725385D1F0095D74E /* Chapter04.swift */ = {isa = PBXFileReference; lastKnownFileType = sourcecode.swift; path = Chapter04.swift; sourceTree = "<group>"; };
		BD2D858B25385E4D0095D74E /* main.swift */ = {isa = PBXFileReference; lastKnownFileType = sourcecode.swift; path = main.swift; sourceTree = "<group>"; };
		BD2D858E25385F370095D74E /* Runnable.swift */ = {isa = PBXFileReference; lastKnownFileType = sourcecode.swift; path = Runnable.swift; sourceTree = "<group>"; };
		BD2D8593253860F20095D74E /* Chapter07.swift */ = {isa = PBXFileReference; lastKnownFileType = sourcecode.swift; path = Chapter07.swift; sourceTree = "<group>"; };
		BD305C15253DB77300FD8AF5 /* Evaluatable.swift */ = {isa = PBXFileReference; lastKnownFileType = sourcecode.swift; path = Evaluatable.swift; sourceTree = "<group>"; };
/* End PBXFileReference section */

/* Begin PBXFrameworksBuildPhase section */
		BD2D857925385D060095D74E /* Frameworks */ = {
			isa = PBXFrameworksBuildPhase;
			buildActionMask = 2147483647;
			files = (
			);
			runOnlyForDeploymentPostprocessing = 0;
		};
/* End PBXFrameworksBuildPhase section */

/* Begin PBXGroup section */
		BD2D857325385D060095D74E = {
			isa = PBXGroup;
			children = (
				BD2D857E25385D060095D74E /* TypesAndProgrammingLanguages */,
				BD2D857D25385D060095D74E /* Products */,
			);
			sourceTree = "<group>";
		};
		BD2D857D25385D060095D74E /* Products */ = {
			isa = PBXGroup;
			children = (
				BD2D857C25385D060095D74E /* TypesAndProgrammingLanguages */,
			);
			name = Products;
			sourceTree = "<group>";
		};
		BD2D857E25385D060095D74E /* TypesAndProgrammingLanguages */ = {
			isa = PBXGroup;
			children = (
				BD2D859125385FFD0095D74E /* Chapters */,
				BD2D858B25385E4D0095D74E /* main.swift */,
				BD2D858E25385F370095D74E /* Runnable.swift */,
				BD305C15253DB77300FD8AF5 /* Evaluatable.swift */,
			);
			path = TypesAndProgrammingLanguages;
			sourceTree = "<group>";
		};
		BD2D859125385FFD0095D74E /* Chapters */ = {
			isa = PBXGroup;
			children = (
				BD2D858725385D1F0095D74E /* Chapter04.swift */,
				BD2D8593253860F20095D74E /* Chapter07.swift */,
			);
			path = Chapters;
			sourceTree = "<group>";
		};
/* End PBXGroup section */

/* Begin PBXNativeTarget section */
		BD2D857B25385D060095D74E /* TypesAndProgrammingLanguages */ = {
			isa = PBXNativeTarget;
			buildConfigurationList = BD2D858325385D060095D74E /* Build configuration list for PBXNativeTarget "TypesAndProgrammingLanguages" */;
			buildPhases = (
				BD2D857825385D060095D74E /* Sources */,
				BD2D857925385D060095D74E /* Frameworks */,
				BD2D857A25385D060095D74E /* CopyFiles */,
			);
			buildRules = (
			);
			dependencies = (
			);
			name = TypesAndProgrammingLanguages;
			productName = TypesAndProgrammingLanguages;
			productReference = BD2D857C25385D060095D74E /* TypesAndProgrammingLanguages */;
			productType = "com.apple.product-type.tool";
		};
/* End PBXNativeTarget section */

/* Begin PBXProject section */
		BD2D857425385D060095D74E /* Project object */ = {
			isa = PBXProject;
			attributes = {
				LastSwiftUpdateCheck = 1200;
				LastUpgradeCheck = 1200;
				TargetAttributes = {
					BD2D857B25385D060095D74E = {
						CreatedOnToolsVersion = 12.0.1;
					};
				};
			};
			buildConfigurationList = BD2D857725385D060095D74E /* Build configuration list for PBXProject "TypesAndProgrammingLanguages" */;
			compatibilityVersion = "Xcode 9.3";
			developmentRegion = en;
			hasScannedForEncodings = 0;
			knownRegions = (
				en,
				Base,
			);
			mainGroup = BD2D857325385D060095D74E;
			productRefGroup = BD2D857D25385D060095D74E /* Products */;
			projectDirPath = "";
			projectRoot = "";
			targets = (
				BD2D857B25385D060095D74E /* TypesAndProgrammingLanguages */,
			);
		};
/* End PBXProject section */

/* Begin PBXSourcesBuildPhase section */
		BD2D857825385D060095D74E /* Sources */ = {
			isa = PBXSourcesBuildPhase;
			buildActionMask = 2147483647;
			files = (
				BD2D8594253860F20095D74E /* Chapter07.swift in Sources */,
				BD2D858C25385E4D0095D74E /* main.swift in Sources */,
				BD305C16253DB77300FD8AF5 /* Evaluatable.swift in Sources */,
				BD2D858F25385F370095D74E /* Runnable.swift in Sources */,
				BD2D858825385D1F0095D74E /* Chapter04.swift in Sources */,
			);
			runOnlyForDeploymentPostprocessing = 0;
		};
/* End PBXSourcesBuildPhase section */

/* Begin XCBuildConfiguration section */
		BD2D858125385D060095D74E /* Debug */ = {
			isa = XCBuildConfiguration;
			buildSettings = {
				ALWAYS_SEARCH_USER_PATHS = NO;
				CLANG_ANALYZER_NONNULL = YES;
				CLANG_ANALYZER_NUMBER_OBJECT_CONVERSION = YES_AGGRESSIVE;
				CLANG_CXX_LANGUAGE_STANDARD = "gnu++14";
				CLANG_CXX_LIBRARY = "libc++";
				CLANG_ENABLE_MODULES = YES;
				CLANG_ENABLE_OBJC_ARC = YES;
				CLANG_ENABLE_OBJC_WEAK = YES;
				CLANG_WARN_BLOCK_CAPTURE_AUTORELEASING = YES;
				CLANG_WARN_BOOL_CONVERSION = YES;
				CLANG_WARN_COMMA = YES;
				CLANG_WARN_CONSTANT_CONVERSION = YES;
				CLANG_WARN_DEPRECATED_OBJC_IMPLEMENTATIONS = YES;
				CLANG_WARN_DIRECT_OBJC_ISA_USAGE = YES_ERROR;
				CLANG_WARN_DOCUMENTATION_COMMENTS = YES;
				CLANG_WARN_EMPTY_BODY = YES;
				CLANG_WARN_ENUM_CONVERSION = YES;
				CLANG_WARN_INFINITE_RECURSION = YES;
				CLANG_WARN_INT_CONVERSION = YES;
				CLANG_WARN_NON_LITERAL_NULL_CONVERSION = YES;
				CLANG_WARN_OBJC_IMPLICIT_RETAIN_SELF = YES;
				CLANG_WARN_OBJC_LITERAL_CONVERSION = YES;
				CLANG_WARN_OBJC_ROOT_CLASS = YES_ERROR;
				CLANG_WARN_QUOTED_INCLUDE_IN_FRAMEWORK_HEADER = YES;
				CLANG_WARN_RANGE_LOOP_ANALYSIS = YES;
				CLANG_WARN_STRICT_PROTOTYPES = YES;
				CLANG_WARN_SUSPICIOUS_MOVE = YES;
				CLANG_WARN_UNGUARDED_AVAILABILITY = YES_AGGRESSIVE;
				CLANG_WARN_UNREACHABLE_CODE = YES;
				CLANG_WARN__DUPLICATE_METHOD_MATCH = YES;
				COPY_PHASE_STRIP = NO;
				DEBUG_INFORMATION_FORMAT = dwarf;
				ENABLE_STRICT_OBJC_MSGSEND = YES;
				ENABLE_TESTABILITY = YES;
				GCC_C_LANGUAGE_STANDARD = gnu11;
				GCC_DYNAMIC_NO_PIC = NO;
				GCC_NO_COMMON_BLOCKS = YES;
				GCC_OPTIMIZATION_LEVEL = 0;
				GCC_PREPROCESSOR_DEFINITIONS = (
					"DEBUG=1",
					"$(inherited)",
				);
				GCC_WARN_64_TO_32_BIT_CONVERSION = YES;
				GCC_WARN_ABOUT_RETURN_TYPE = YES_ERROR;
				GCC_WARN_UNDECLARED_SELECTOR = YES;
				GCC_WARN_UNINITIALIZED_AUTOS = YES_AGGRESSIVE;
				GCC_WARN_UNUSED_FUNCTION = YES;
				GCC_WARN_UNUSED_VARIABLE = YES;
				MACOSX_DEPLOYMENT_TARGET = 10.15;
				MTL_ENABLE_DEBUG_INFO = INCLUDE_SOURCE;
				MTL_FAST_MATH = YES;
				ONLY_ACTIVE_ARCH = YES;
				SDKROOT = macosx;
				SWIFT_ACTIVE_COMPILATION_CONDITIONS = DEBUG;
				SWIFT_OPTIMIZATION_LEVEL = "-Onone";
			};
			name = Debug;
		};
		BD2D858225385D060095D74E /* Release */ = {
			isa = XCBuildConfiguration;
			buildSettings = {
				ALWAYS_SEARCH_USER_PATHS = NO;
				CLANG_ANALYZER_NONNULL = YES;
				CLANG_ANALYZER_NUMBER_OBJECT_CONVERSION = YES_AGGRESSIVE;
				CLANG_CXX_LANGUAGE_STANDARD = "gnu++14";
				CLANG_CXX_LIBRARY = "libc++";
				CLANG_ENABLE_MODULES = YES;
				CLANG_ENABLE_OBJC_ARC = YES;
				CLANG_ENABLE_OBJC_WEAK = YES;
				CLANG_WARN_BLOCK_CAPTURE_AUTORELEASING = YES;
				CLANG_WARN_BOOL_CONVERSION = YES;
				CLANG_WARN_COMMA = YES;
				CLANG_WARN_CONSTANT_CONVERSION = YES;
				CLANG_WARN_DEPRECATED_OBJC_IMPLEMENTATIONS = YES;
				CLANG_WARN_DIRECT_OBJC_ISA_USAGE = YES_ERROR;
				CLANG_WARN_DOCUMENTATION_COMMENTS = YES;
				CLANG_WARN_EMPTY_BODY = YES;
				CLANG_WARN_ENUM_CONVERSION = YES;
				CLANG_WARN_INFINITE_RECURSION = YES;
				CLANG_WARN_INT_CONVERSION = YES;
				CLANG_WARN_NON_LITERAL_NULL_CONVERSION = YES;
				CLANG_WARN_OBJC_IMPLICIT_RETAIN_SELF = YES;
				CLANG_WARN_OBJC_LITERAL_CONVERSION = YES;
				CLANG_WARN_OBJC_ROOT_CLASS = YES_ERROR;
				CLANG_WARN_QUOTED_INCLUDE_IN_FRAMEWORK_HEADER = YES;
				CLANG_WARN_RANGE_LOOP_ANALYSIS = YES;
				CLANG_WARN_STRICT_PROTOTYPES = YES;
				CLANG_WARN_SUSPICIOUS_MOVE = YES;
				CLANG_WARN_UNGUARDED_AVAILABILITY = YES_AGGRESSIVE;
				CLANG_WARN_UNREACHABLE_CODE = YES;
				CLANG_WARN__DUPLICATE_METHOD_MATCH = YES;
				COPY_PHASE_STRIP = NO;
				DEBUG_INFORMATION_FORMAT = "dwarf-with-dsym";
				ENABLE_NS_ASSERTIONS = NO;
				ENABLE_STRICT_OBJC_MSGSEND = YES;
				GCC_C_LANGUAGE_STANDARD = gnu11;
				GCC_NO_COMMON_BLOCKS = YES;
				GCC_WARN_64_TO_32_BIT_CONVERSION = YES;
				GCC_WARN_ABOUT_RETURN_TYPE = YES_ERROR;
				GCC_WARN_UNDECLARED_SELECTOR = YES;
				GCC_WARN_UNINITIALIZED_AUTOS = YES_AGGRESSIVE;
				GCC_WARN_UNUSED_FUNCTION = YES;
				GCC_WARN_UNUSED_VARIABLE = YES;
				MACOSX_DEPLOYMENT_TARGET = 10.15;
				MTL_ENABLE_DEBUG_INFO = NO;
				MTL_FAST_MATH = YES;
				SDKROOT = macosx;
				SWIFT_COMPILATION_MODE = wholemodule;
				SWIFT_OPTIMIZATION_LEVEL = "-O";
			};
			name = Release;
		};
		BD2D858425385D060095D74E /* Debug */ = {
			isa = XCBuildConfiguration;
			buildSettings = {
				CODE_SIGN_STYLE = Automatic;
				DEVELOPMENT_TEAM = B6ZSEF579W;
				ENABLE_HARDENED_RUNTIME = YES;
				PRODUCT_NAME = "$(TARGET_NAME)";
				SWIFT_VERSION = 5.0;
			};
			name = Debug;
		};
		BD2D858525385D060095D74E /* Release */ = {
			isa = XCBuildConfiguration;
			buildSettings = {
				CODE_SIGN_STYLE = Automatic;
				DEVELOPMENT_TEAM = B6ZSEF579W;
				ENABLE_HARDENED_RUNTIME = YES;
				PRODUCT_NAME = "$(TARGET_NAME)";
				SWIFT_VERSION = 5.0;
			};
			name = Release;
		};
/* End XCBuildConfiguration section */

/* Begin XCConfigurationList section */
		BD2D857725385D060095D74E /* Build configuration list for PBXProject "TypesAndProgrammingLanguages" */ = {
			isa = XCConfigurationList;
			buildConfigurations = (
				BD2D858125385D060095D74E /* Debug */,
				BD2D858225385D060095D74E /* Release */,
			);
			defaultConfigurationIsVisible = 0;
			defaultConfigurationName = Release;
		};
		BD2D858325385D060095D74E /* Build configuration list for PBXNativeTarget "TypesAndProgrammingLanguages" */ = {
			isa = XCConfigurationList;
			buildConfigurations = (
				BD2D858425385D060095D74E /* Debug */,
				BD2D858525385D060095D74E /* Release */,
			);
			defaultConfigurationIsVisible = 0;
			defaultConfigurationName = Release;
		};
/* End XCConfigurationList section */
	};
	rootObject = BD2D857425385D060095D74E /* Project object */;
}
